
Microsoft Visual Studio Solution File, Format Version 12.00
# Visual Studio Version 17
VisualStudioVersion = 17.7.34221.43
MinimumVisualStudioVersion = 10.0.40219.1
Project("{FAE04EC0-301F-11D3-BF4B-00C04F79EFBC}") = "17. classes and objects", "17. classes and objects.csproj", "{4C3F63AA-D8A6-427C-AA9B-8AB822111333}"
EndProject
Global
	GlobalSection(SolutionConfigurationPlatforms) = preSolution
		Debug|Any CPU = Debug|Any CPU
		Release|Any CPU = Release|Any CPU
	EndGlobalSection
	GlobalSection(ProjectConfigurationPlatforms) = postSolution
		{4C3F63AA-D8A6-427C-AA9B-8AB822111333}.Debug|Any CPU.ActiveCfg = Debug|Any CPU
		{4C3F63AA-D8A6-427C-AA9B-8AB822111333}.Debug|Any CPU.Build.0 = Debug|Any CPU
		{4C3F63AA-D8A6-427C-AA9B-8AB822111333}.Release|Any CPU.ActiveCfg = Release|Any CPU
		{4C3F63AA-D8A6-427C-AA9B-8AB822111333}.Release|Any CPU.Build.0 = Release|Any CPU
	EndGlobalSection
	GlobalSection(SolutionProperties) = preSolution
		HideSolutionNode = FALSE
	EndGlobalSection
	GlobalSection(ExtensibilityGlobals) = postSolution
		SolutionGuid = {1E161882-5639-4CE1-848B-42A4E5809AAD}
	EndGlobalSection
EndGlobal
